<?xml version="1.0" encoding="UTF-8" standalone="yes" ?>
<CodeBlocks_project_file>
	<FileVersion major="1" minor="6" />
	<Project>
		<Option title="Prova02_AEDSII" />
		<Option pch_mode="2" />
		<Option compiler="gcc" />
		<Build>
			<Target title="Debug">
				<Option output="bin/Debug/Prova02_AEDSII" prefix_auto="1" extension_auto="1" />
				<Option object_output="obj/Debug/" />
				<Option type="1" />
				<Option compiler="gcc" />
				<Compiler>
					<Add option="-g" />
				</Compiler>
			</Target>
			<Target title="Release">
				<Option output="bin/Release/Prova02_AEDSII" prefix_auto="1" extension_auto="1" />
				<Option object_output="obj/Release/" />
				<Option type="1" />
				<Option compiler="gcc" />
				<Compiler>
					<Add option="-O2" />
				</Compiler>
				<Linker>
					<Add option="-s" />
				</Linker>
			</Target>
		</Build>
		<Compiler>
			<Add option="-Wall" />
		</Compiler>
		<Unit filename="ClassificationMethods/Insertion_Sort_In_File.c">
			<Option compilerVar="CC" />
		</Unit>
		<Unit filename="ClassificationMethods/Insertion_Sort_In_File.h" />
		<Unit filename="Employees/employee.c">
			<Option compilerVar="CC" />
		</Unit>
		<Unit filename="Employees/employee.h" />
		<Unit filename="List_ED/list.c">
			<Option compilerVar="CC" />
		</Unit>
		<Unit filename="List_ED/list.h" />
		<Unit filename="Main.h" />
		<Unit filename="Menu.c">
			<Option compilerVar="CC" />
		</Unit>
		<Unit filename="Menu.h" />
		<Unit filename="MergeMethods/MergeMethod.c">
			<Option compilerVar="CC" />
		</Unit>
		<Unit filename="MergeMethods/MergeMethod.h" />
		<Unit filename="PartitioningMethods/Partitioning.c">
			<Option compilerVar="CC" />
		</Unit>
		<Unit filename="PartitioningMethods/Partitioning.h" />
		<Unit filename="SearchMethods/SearchBinary.c">
			<Option compilerVar="CC" />
		</Unit>
		<Unit filename="SearchMethods/SearchBinary.h" />
		<Unit filename="Stack_ED/Stack.c">
			<Option compilerVar="CC" />
		</Unit>
		<Unit filename="Stack_ED/Stack.h" />
		<Unit filename="Trees&apos;s/BTree.c">
			<Option compilerVar="CC" />
		</Unit>
		<Unit filename="Trees&apos;s/BTree.h" />
		<Unit filename="main.c">
			<Option compilerVar="CC" />
		</Unit>
		<Extensions>
			<lib_finder disable_auto="1" />
		</Extensions>
	</Project>
</CodeBlocks_project_file>
